
Microsoft Visual Studio Solution File, Format Version 12.00
# Visual Studio Version 17
VisualStudioVersion = 17.0.32126.317
MinimumVisualStudioVersion = 10.0.40219.1
Project("{FAE04EC0-301F-11D3-BF4B-00C04F79EFBC}") = "GenericStackListApp", "GenericStackListApp\GenericStackListApp.csproj", "{C820D0D8-764B-42BE-8D44-01D19B8D6697}"
EndProject
Global
	GlobalSection(SolutionConfigurationPlatforms) = preSolution
		Debug|Any CPU = Debug|Any CPU
		Release|Any CPU = Release|Any CPU
	EndGlobalSection
	GlobalSection(ProjectConfigurationPlatforms) = postSolution
		{C820D0D8-764B-42BE-8D44-01D19B8D6697}.Debug|Any CPU.ActiveCfg = Debug|Any CPU
		{C820D0D8-764B-42BE-8D44-01D19B8D6697}.Debug|Any CPU.Build.0 = Debug|Any CPU
		{C820D0D8-764B-42BE-8D44-01D19B8D6697}.Release|Any CPU.ActiveCfg = Release|Any CPU
		{C820D0D8-764B-42BE-8D44-01D19B8D6697}.Release|Any CPU.Build.0 = Release|Any CPU
	EndGlobalSection
	GlobalSection(SolutionProperties) = preSolution
		HideSolutionNode = FALSE
	EndGlobalSection
	GlobalSection(ExtensibilityGlobals) = postSolution
		SolutionGuid = {D26A448B-4B9A-4E7A-A12C-F00802AE5EB4}
	EndGlobalSection
EndGlobal
